
Microsoft Visual Studio Solution File, Format Version 12.00
# Visual Studio Version 17
VisualStudioVersion = 17.9.34607.119
MinimumVisualStudioVersion = 10.0.40219.1
Project("{FAE04EC0-301F-11D3-BF4B-00C04F79EFBC}") = "AuthTest2", "AuthTest2.csproj", "{CD1A04F2-CEE9-46A4-BD23-F6898D23CC31}"
EndProject
Global
	GlobalSection(SolutionConfigurationPlatforms) = preSolution
		Debug|Any CPU = Debug|Any CPU
		Release|Any CPU = Release|Any CPU
	EndGlobalSection
	GlobalSection(ProjectConfigurationPlatforms) = postSolution
		{CD1A04F2-CEE9-46A4-BD23-F6898D23CC31}.Debug|Any CPU.ActiveCfg = Debug|Any CPU
		{CD1A04F2-CEE9-46A4-BD23-F6898D23CC31}.Debug|Any CPU.Build.0 = Debug|Any CPU
		{CD1A04F2-CEE9-46A4-BD23-F6898D23CC31}.Release|Any CPU.ActiveCfg = Release|Any CPU
		{CD1A04F2-CEE9-46A4-BD23-F6898D23CC31}.Release|Any CPU.Build.0 = Release|Any CPU
	EndGlobalSection
	GlobalSection(SolutionProperties) = preSolution
		HideSolutionNode = FALSE
	EndGlobalSection
	GlobalSection(ExtensibilityGlobals) = postSolution
		SolutionGuid = {724F1432-9E98-4917-AEE9-019EC591BF17}
	EndGlobalSection
EndGlobal
